{
  "version": 4,
  "terraform_version": "1.0.0",
  "serial": 33,
  "lineage": "9c00a696-c852-7ff5-c509-5a6a64475ada",
  "outputs": {
    "endpoint": {
      "value": "https://A7B9F2610711D038B80561AF0680085A.sk1.eu-west-1.eks.amazonaws.com",
      "type": "string"
    },
    "kubeconfig-certificate-authority-data": {
      "value": "LS0tLS1CRUdJTiBDRVJUSUZJQ0FURS0tLS0tCk1JSUM1ekNDQWMrZ0F3SUJBZ0lCQURBTkJna3Foa2lHOXcwQkFRc0ZBREFWTVJNd0VRWURWUVFERXdwcmRXSmwKY201bGRHVnpNQjRYRFRJeE1EWXlNVEV3TXpNME9Wb1hEVE14TURZeE9URXdNek0wT1Zvd0ZURVRNQkVHQTFVRQpBeE1LYTNWaVpYSnVaWFJsY3pDQ0FTSXdEUVlKS29aSWh2Y05BUUVCQlFBRGdnRVBBRENDQVFvQ2dnRUJBTUpLCmIxdXkzOXhpU3Bvd25ZaGFrWkpSS1lxMWh5MG1HaEJxTmZZZE54alNQSkJDOFREc1lncXA0TXM0bCszdy9DZ3QKSHNkREFmMkVaOTIwczZLR2x0bU9paDlVb1Y1Qnhic01UQWI3L2Q1QmZFeHdHQS9TWm95WkRwWkM2MVNMaWJNRwpDR1NIclhJNlpKWE9hR09lc0NrK2tHVjR1M3lKbUtpcEJ6WW9ZYXpFSGxBK2FuRWNCZXRyZHNnckJGMDRWNWt1CmRqRElUSm1qMUduK01BamZGb0dXQTNEN04xZ25KN0pMSzlKdmc4MHZ5SldpZVZJZFcvc0MrYmoyN0pEM2VQc1MKaGMzdWFXODZIV2pDcEFvTFg0bzVHQ1ZndytTaFp6M2dQeXlQKzFZR1FPVmNzVW1FQ1I3QXpNRTZwRWhtUWtXWQo5MlQyU1phOG5Ca1o1Q2FPVThjQ0F3RUFBYU5DTUVBd0RnWURWUjBQQVFIL0JBUURBZ0trTUE4R0ExVWRFd0VCCi93UUZNQU1CQWY4d0hRWURWUjBPQkJZRUZHYTdqV0N6Ui8zd3VvZGh6Q3lsYlh4NGY1ekhNQTBHQ1NxR1NJYjMKRFFFQkN3VUFBNElCQVFCaWJvVGFJNFI4elh3bHdMSWhsT3ptY2JnK3dnRm80eW9Mb3VQdVVKcERhaDJpOHJVNgpjampjalRrOWZuYjc2N2diZjVYdndFbDQ3eDI2S0FkL21ZYk9ZK2d3blFiZFRkMC9KcDVTeU10a0hNd3N6OHBICmgxQ0k3Q0ZudG8zWS9HT3lEQVppRVdNdHBNM1hxTk1KWEM4TlBWYmx0czJWekJNbUFIQmprODNmUDROcm9VMVYKYkpNVkVzRjVZTTh1U3dXaStxbEFDNEwzOXJXMWpMS3BGQm4wNWE1Y01sSEYrdmRMN1MzVURCY0Y4b3FTcEFpawpRMnF2c29xQ2x2SGtqbS83dXN6OXB4RS9sd0NoUzZnZ2NKQVZXbmRNYlhnTWk2QlljR1FyNm04Sk5abEw5RDd0CjFOaDdpS3BKVjdrdW4rSzg5YlFEdzhLeHZhR014dGhjd2FZQwotLS0tLUVORCBDRVJUSUZJQ0FURS0tLS0tCg==",
      "type": "string"
    },
    "load_balancer_hostname": {
      "value": {
        "ingress": []
      },
      "type": [
        "object",
        {
          "ingress": [
            "list",
            [
              "object",
              {
                "hostname": "string",
                "ip": "string"
              }
            ]
          ]
        }
      ]
    }
  },
  "resources": [
    {
      "mode": "data",
      "type": "aws_eks_cluster",
      "name": "fred",
      "provider": "provider[\"registry.terraform.io/hashicorp/aws\"]",
      "instances": [
        {
          "schema_version": 0,
          "attributes": {
            "arn": "arn:aws:eks:eu-west-1:430354129336:cluster/fred",
            "certificate_authority": [
              {
                "data": "LS0tLS1CRUdJTiBDRVJUSUZJQ0FURS0tLS0tCk1JSUM1ekNDQWMrZ0F3SUJBZ0lCQURBTkJna3Foa2lHOXcwQkFRc0ZBREFWTVJNd0VRWURWUVFERXdwcmRXSmwKY201bGRHVnpNQjRYRFRJeE1EWXlNVEV3TXpNME9Wb1hEVE14TURZeE9URXdNek0wT1Zvd0ZURVRNQkVHQTFVRQpBeE1LYTNWaVpYSnVaWFJsY3pDQ0FTSXdEUVlKS29aSWh2Y05BUUVCQlFBRGdnRVBBRENDQVFvQ2dnRUJBTUpLCmIxdXkzOXhpU3Bvd25ZaGFrWkpSS1lxMWh5MG1HaEJxTmZZZE54alNQSkJDOFREc1lncXA0TXM0bCszdy9DZ3QKSHNkREFmMkVaOTIwczZLR2x0bU9paDlVb1Y1Qnhic01UQWI3L2Q1QmZFeHdHQS9TWm95WkRwWkM2MVNMaWJNRwpDR1NIclhJNlpKWE9hR09lc0NrK2tHVjR1M3lKbUtpcEJ6WW9ZYXpFSGxBK2FuRWNCZXRyZHNnckJGMDRWNWt1CmRqRElUSm1qMUduK01BamZGb0dXQTNEN04xZ25KN0pMSzlKdmc4MHZ5SldpZVZJZFcvc0MrYmoyN0pEM2VQc1MKaGMzdWFXODZIV2pDcEFvTFg0bzVHQ1ZndytTaFp6M2dQeXlQKzFZR1FPVmNzVW1FQ1I3QXpNRTZwRWhtUWtXWQo5MlQyU1phOG5Ca1o1Q2FPVThjQ0F3RUFBYU5DTUVBd0RnWURWUjBQQVFIL0JBUURBZ0trTUE4R0ExVWRFd0VCCi93UUZNQU1CQWY4d0hRWURWUjBPQkJZRUZHYTdqV0N6Ui8zd3VvZGh6Q3lsYlh4NGY1ekhNQTBHQ1NxR1NJYjMKRFFFQkN3VUFBNElCQVFCaWJvVGFJNFI4elh3bHdMSWhsT3ptY2JnK3dnRm80eW9Mb3VQdVVKcERhaDJpOHJVNgpjampjalRrOWZuYjc2N2diZjVYdndFbDQ3eDI2S0FkL21ZYk9ZK2d3blFiZFRkMC9KcDVTeU10a0hNd3N6OHBICmgxQ0k3Q0ZudG8zWS9HT3lEQVppRVdNdHBNM1hxTk1KWEM4TlBWYmx0czJWekJNbUFIQmprODNmUDROcm9VMVYKYkpNVkVzRjVZTTh1U3dXaStxbEFDNEwzOXJXMWpMS3BGQm4wNWE1Y01sSEYrdmRMN1MzVURCY0Y4b3FTcEFpawpRMnF2c29xQ2x2SGtqbS83dXN6OXB4RS9sd0NoUzZnZ2NKQVZXbmRNYlhnTWk2QlljR1FyNm04Sk5abEw5RDd0CjFOaDdpS3BKVjdrdW4rSzg5YlFEdzhLeHZhR014dGhjd2FZQwotLS0tLUVORCBDRVJUSUZJQ0FURS0tLS0tCg=="
              }
            ],
            "created_at": "2021-06-21 10:27:31.527 +0000 UTC",
            "enabled_cluster_log_types": [],
            "endpoint": "https://A7B9F2610711D038B80561AF0680085A.sk1.eu-west-1.eks.amazonaws.com",
            "id": "fred",
            "identity": [
              {
                "oidc": [
                  {
                    "issuer": "https://oidc.eks.eu-west-1.amazonaws.com/id/A7B9F2610711D038B80561AF0680085A"
                  }
                ]
              }
            ],
            "kubernetes_network_config": [
              {
                "service_ipv4_cidr": "172.20.0.0/16"
              }
            ],
            "name": "fred",
            "platform_version": "eks.5",
            "role_arn": "arn:aws:iam::430354129336:role/eks-cluster-example",
            "status": "ACTIVE",
            "tags": {},
            "version": "1.19",
            "vpc_config": [
              {
                "cluster_security_group_id": "sg-018e96f06cb7328a8",
                "endpoint_private_access": false,
                "endpoint_public_access": true,
                "public_access_cidrs": [
                  "0.0.0.0/0"
                ],
                "security_group_ids": [],
                "subnet_ids": [
                  "subnet-463bfd0e",
                  "subnet-6dc4370b",
                  "subnet-bfecd0e4"
                ],
                "vpc_id": "vpc-9e62bcf8"
              }
            ]
          },
          "sensitive_attributes": []
        }
      ]
    },
    {
      "mode": "data",
      "type": "aws_eks_cluster_auth",
      "name": "fred-auth",
      "provider": "provider[\"registry.terraform.io/hashicorp/aws\"]",
      "instances": [
        {
          "schema_version": 0,
          "attributes": {
            "id": "fred",
            "name": "fred",
            "token": "k8s-aws-v1.aHR0cHM6Ly9zdHMuYW1hem9uYXdzLmNvbS8_QWN0aW9uPUdldENhbGxlcklkZW50aXR5JlZlcnNpb249MjAxMS0wNi0xNSZYLUFtei1BbGdvcml0aG09QVdTNC1ITUFDLVNIQTI1NiZYLUFtei1DcmVkZW50aWFsPUFTSUFXSU1ZMjRHNExIVjVXVkU2JTJGMjAyMTA2MjQlMkZ1cy1lYXN0LTElMkZzdHMlMkZhd3M0X3JlcXVlc3QmWC1BbXotRGF0ZT0yMDIxMDYyNFQxNjI3MzNaJlgtQW16LUV4cGlyZXM9MCZYLUFtei1TZWN1cml0eS1Ub2tlbj1Gd29HWlhJdllYZHpFRklhREE2QSUyRmtSck4wYnZSRFgwYWlLN0FmV0lOOXdpTmdXeFBaJTJCN3VFYnlmYmd6Z0hSTDRManBrOGpFdFhJbDlqdGF1aVFwcjZRMGRJNWZqZllOM2ZkWFFUM0J4cUhkODF5SU9kVTlJY2hLQmtWWWRQbE14MDhaaXM3TURSSkU2RXY1TEp5Y2ElMkZGamp5UkFwV3hETVY2WjR6OEc3TUxrZlVNM2RLck8ydFRPMEpvQ1ZDd3J6JTJCMmNsN2lZMTh0c3RsS1ZxalVlWEJvJTJGWjdaR1QzRDVSJTJGSDdVMnRocUo3UnhLViUyRjVzdDdpZ2hFTTVGN01SbGxjellPaGdLZ1YyUVdaM1FJcWpCdTRQR3IlMkJmeDlnM1FvdXVUU2hnWXlMYVRSV0ZGdVQlMkJ4amZQR3pPV29TY0Qza253NDBOQkRERVdyRkhZQWppZUJKdSUyRkhiWmFld0JwaDlEM2VhNUElM0QlM0QmWC1BbXotU2lnbmVkSGVhZGVycz1ob3N0JTNCeC1rOHMtYXdzLWlkJlgtQW16LVNpZ25hdHVyZT0zMzlkNzNlMzVmODQ3M2YxYTBlMGUxMTY2NWYxZGQyNmY5MWIwZDM3YjQwMzBkMDYzZmZiZGQ5MTc4MTQwZTVj"
          },
          "sensitive_attributes": []
        }
      ]
    },
    {
      "mode": "data",
      "type": "terraform_remote_state",
      "name": "infra_networking",
      "provider": "provider[\"terraform.io/builtin/terraform\"]",
      "instances": [
        {
          "schema_version": 0,
          "attributes": {
            "backend": "s3",
            "config": {
              "value": {
                "bucket": "govuk-terraform-steppingstone-test",
                "key": "govuk/infra-networking.tfstate",
                "region": "eu-west-1",
                "role_arn": null
              },
              "type": [
                "object",
                {
                  "bucket": "string",
                  "key": "string",
                  "region": "string",
                  "role_arn": "string"
                }
              ]
            },
            "defaults": null,
            "outputs": {
              "value": {
                "nat_gateway_elastic_ips_list": [
                  "52.30.81.40",
                  "52.214.254.4",
                  "46.51.138.184"
                ],
                "private_subnet_elasticache_ids": [
                  "subnet-0297a254e53074b00",
                  "subnet-0b19103818633acb0",
                  "subnet-05b3653d6fa092df0"
                ],
                "private_subnet_elasticache_names_azs_map": {
                  "govuk_elasticache_private_a": "eu-west-1a",
                  "govuk_elasticache_private_b": "eu-west-1b",
                  "govuk_elasticache_private_c": "eu-west-1c"
                },
                "private_subnet_elasticache_names_ids_map": {
                  "govuk_elasticache_private_a": "subnet-0297a254e53074b00",
                  "govuk_elasticache_private_b": "subnet-0b19103818633acb0",
                  "govuk_elasticache_private_c": "subnet-05b3653d6fa092df0"
                },
                "private_subnet_elasticache_names_route_tables_map": {
                  "govuk_elasticache_private_a": "rtb-03e6163022b119800",
                  "govuk_elasticache_private_b": "rtb-039d410409c1e2120",
                  "govuk_elasticache_private_c": "rtb-07e7dcf6291105932"
                },
                "private_subnet_elasticsearch_ids": [
                  "subnet-0513da7aac57fdb41",
                  "subnet-0b909ba720f9e0070",
                  "subnet-04cd85f56a2401559"
                ],
                "private_subnet_elasticsearch_names_azs_map": {
                  "govuk_elasticsearch_private_a": "eu-west-1a",
                  "govuk_elasticsearch_private_b": "eu-west-1b",
                  "govuk_elasticsearch_private_c": "eu-west-1c"
                },
                "private_subnet_elasticsearch_names_ids_map": {
                  "govuk_elasticsearch_private_a": "subnet-0513da7aac57fdb41",
                  "govuk_elasticsearch_private_b": "subnet-0b909ba720f9e0070",
                  "govuk_elasticsearch_private_c": "subnet-04cd85f56a2401559"
                },
                "private_subnet_elasticsearch_names_route_tables_map": {
                  "govuk_elasticsearch_private_a": "rtb-0ec36abaf82fd38f5",
                  "govuk_elasticsearch_private_b": "rtb-06664f1ae2d7d2cf8",
                  "govuk_elasticsearch_private_c": "rtb-09a9794456871a869"
                },
                "private_subnet_ids": [
                  "subnet-6dc4370b",
                  "subnet-463bfd0e",
                  "subnet-bfecd0e4"
                ],
                "private_subnet_names_azs_map": {
                  "govuk_private_a": "eu-west-1a",
                  "govuk_private_b": "eu-west-1b",
                  "govuk_private_c": "eu-west-1c"
                },
                "private_subnet_names_ids_map": {
                  "govuk_private_a": "subnet-6dc4370b",
                  "govuk_private_b": "subnet-463bfd0e",
                  "govuk_private_c": "subnet-bfecd0e4"
                },
                "private_subnet_names_route_tables_map": {
                  "govuk_private_a": "rtb-87ce21fe",
                  "govuk_private_b": "rtb-5dca2524",
                  "govuk_private_c": "rtb-b9c629c0"
                },
                "private_subnet_rds_ids": [
                  "subnet-07f976e921680413d",
                  "subnet-09c93dd7648d27085",
                  "subnet-02b98184fecb5189c"
                ],
                "private_subnet_rds_names_azs_map": {
                  "govuk_rds_private_a": "eu-west-1a",
                  "govuk_rds_private_b": "eu-west-1b",
                  "govuk_rds_private_c": "eu-west-1c"
                },
                "private_subnet_rds_names_ids_map": {
                  "govuk_rds_private_a": "subnet-07f976e921680413d",
                  "govuk_rds_private_b": "subnet-09c93dd7648d27085",
                  "govuk_rds_private_c": "subnet-02b98184fecb5189c"
                },
                "private_subnet_rds_names_route_tables_map": {
                  "govuk_rds_private_a": "rtb-0878d7885c7a9db81",
                  "govuk_rds_private_b": "rtb-0e7aa5b92722481d7",
                  "govuk_rds_private_c": "rtb-05f5c91ece7cac880"
                },
                "private_subnet_reserved_ips_ids": [
                  "subnet-d9ca39bf",
                  "subnet-2433f56c",
                  "subnet-09ead652"
                ],
                "private_subnet_reserved_ips_names_azs_map": {
                  "govuk_reserved_ips_private_a": "eu-west-1a",
                  "govuk_reserved_ips_private_b": "eu-west-1b",
                  "govuk_reserved_ips_private_c": "eu-west-1c"
                },
                "private_subnet_reserved_ips_names_ids_map": {
                  "govuk_reserved_ips_private_a": "subnet-d9ca39bf",
                  "govuk_reserved_ips_private_b": "subnet-2433f56c",
                  "govuk_reserved_ips_private_c": "subnet-09ead652"
                },
                "private_subnet_reserved_ips_names_route_tables_map": {
                  "govuk_reserved_ips_private_a": "rtb-5cca2525",
                  "govuk_reserved_ips_private_b": "rtb-8cf817f5",
                  "govuk_reserved_ips_private_c": "rtb-97f619ee"
                },
                "public_subnet_ids": [
                  "subnet-6cc4370a",
                  "subnet-ba30f6f2",
                  "subnet-bfe6dae4"
                ],
                "public_subnet_names_azs_map": {
                  "govuk_public_a": "eu-west-1a",
                  "govuk_public_b": "eu-west-1b",
                  "govuk_public_c": "eu-west-1c"
                },
                "public_subnet_names_ids_map": {
                  "govuk_public_a": "subnet-6cc4370a",
                  "govuk_public_b": "subnet-ba30f6f2",
                  "govuk_public_c": "subnet-bfe6dae4"
                },
                "vpc_id": "vpc-9e62bcf8"
              },
              "type": [
                "object",
                {
                  "nat_gateway_elastic_ips_list": [
                    "list",
                    "string"
                  ],
                  "private_subnet_elasticache_ids": [
                    "list",
                    "string"
                  ],
                  "private_subnet_elasticache_names_azs_map": [
                    "map",
                    "string"
                  ],
                  "private_subnet_elasticache_names_ids_map": [
                    "map",
                    "string"
                  ],
                  "private_subnet_elasticache_names_route_tables_map": [
                    "map",
                    "string"
                  ],
                  "private_subnet_elasticsearch_ids": [
                    "list",
                    "string"
                  ],
                  "private_subnet_elasticsearch_names_azs_map": [
                    "map",
                    "string"
                  ],
                  "private_subnet_elasticsearch_names_ids_map": [
                    "map",
                    "string"
                  ],
                  "private_subnet_elasticsearch_names_route_tables_map": [
                    "map",
                    "string"
                  ],
                  "private_subnet_ids": [
                    "list",
                    "string"
                  ],
                  "private_subnet_names_azs_map": [
                    "map",
                    "string"
                  ],
                  "private_subnet_names_ids_map": [
                    "map",
                    "string"
                  ],
                  "private_subnet_names_route_tables_map": [
                    "map",
                    "string"
                  ],
                  "private_subnet_rds_ids": [
                    "list",
                    "string"
                  ],
                  "private_subnet_rds_names_azs_map": [
                    "map",
                    "string"
                  ],
                  "private_subnet_rds_names_ids_map": [
                    "map",
                    "string"
                  ],
                  "private_subnet_rds_names_route_tables_map": [
                    "map",
                    "string"
                  ],
                  "private_subnet_reserved_ips_ids": [
                    "list",
                    "string"
                  ],
                  "private_subnet_reserved_ips_names_azs_map": [
                    "map",
                    "string"
                  ],
                  "private_subnet_reserved_ips_names_ids_map": [
                    "map",
                    "string"
                  ],
                  "private_subnet_reserved_ips_names_route_tables_map": [
                    "map",
                    "string"
                  ],
                  "public_subnet_ids": [
                    "list",
                    "string"
                  ],
                  "public_subnet_names_azs_map": [
                    "map",
                    "string"
                  ],
                  "public_subnet_names_ids_map": [
                    "map",
                    "string"
                  ],
                  "vpc_id": "string"
                }
              ]
            },
            "workspace": null
          },
          "sensitive_attributes": []
        }
      ]
    },
    {
      "mode": "data",
      "type": "tls_certificate",
      "name": "k8s-tls-fred",
      "provider": "provider[\"registry.terraform.io/hashicorp/tls\"]",
      "instances": [
        {
          "schema_version": 0,
          "attributes": {
            "certificates": [
              {
                "is_ca": true,
                "issuer": "OU=Starfield Class 2 Certification Authority,O=Starfield Technologies\\, Inc.,C=US",
                "not_after": "2034-06-28T17:39:16Z",
                "not_before": "2009-09-02T00:00:00Z",
                "public_key_algorithm": "RSA",
                "serial_number": "12037640545166866303",
                "sha1_fingerprint": "9e99a48a9960b14926bb7f3b02e22da2b0ab7280",
                "signature_algorithm": "SHA256-RSA",
                "subject": "CN=Starfield Services Root Certificate Authority - G2,O=Starfield Technologies\\, Inc.,L=Scottsdale,ST=Arizona,C=US",
                "version": 3
              },
              {
                "is_ca": true,
                "issuer": "CN=Starfield Services Root Certificate Authority - G2,O=Starfield Technologies\\, Inc.,L=Scottsdale,ST=Arizona,C=US",
                "not_after": "2037-12-31T01:00:00Z",
                "not_before": "2015-05-25T12:00:00Z",
                "public_key_algorithm": "RSA",
                "serial_number": "144918191876577076464031512351042010504348870",
                "sha1_fingerprint": "06b25927c42a721631c1efd9431e648fa62e1e39",
                "signature_algorithm": "SHA256-RSA",
                "subject": "CN=Amazon Root CA 1,O=Amazon,C=US",
                "version": 3
              },
              {
                "is_ca": true,
                "issuer": "CN=Amazon Root CA 1,O=Amazon,C=US",
                "not_after": "2025-10-19T00:00:00Z",
                "not_before": "2015-10-22T00:00:00Z",
                "public_key_algorithm": "RSA",
                "serial_number": "144918209630989264145272943054026349679957517",
                "sha1_fingerprint": "917e732d330f9a12404f73d8bea36948b929dffc",
                "signature_algorithm": "SHA256-RSA",
                "subject": "CN=Amazon,OU=Server CA 1B,O=Amazon,C=US",
                "version": 3
              },
              {
                "is_ca": false,
                "issuer": "CN=Amazon,OU=Server CA 1B,O=Amazon,C=US",
                "not_after": "2022-07-13T23:59:59Z",
                "not_before": "2021-06-14T00:00:00Z",
                "public_key_algorithm": "RSA",
                "serial_number": "13376262645102947973267405586136514866",
                "sha1_fingerprint": "9c0da9d9d621cab0b6b4007f33c7fc64c798ceb4",
                "signature_algorithm": "SHA256-RSA",
                "subject": "CN=oidc.eks.eu-west-1.amazonaws.com",
                "version": 3
              }
            ],
            "id": "2021-06-24 16:27:35.924105 +0000 UTC",
            "url": "https://oidc.eks.eu-west-1.amazonaws.com/id/A7B9F2610711D038B80561AF0680085A",
            "verify_chain": true
          },
          "sensitive_attributes": []
        }
      ]
    },
    {
      "mode": "managed",
      "type": "aws_eks_cluster",
      "name": "fred",
      "provider": "provider[\"registry.terraform.io/hashicorp/aws\"]",
      "instances": [
        {
          "schema_version": 0,
          "attributes": {
            "arn": "arn:aws:eks:eu-west-1:430354129336:cluster/fred",
            "certificate_authority": [
              {
                "data": "LS0tLS1CRUdJTiBDRVJUSUZJQ0FURS0tLS0tCk1JSUM1ekNDQWMrZ0F3SUJBZ0lCQURBTkJna3Foa2lHOXcwQkFRc0ZBREFWTVJNd0VRWURWUVFERXdwcmRXSmwKY201bGRHVnpNQjRYRFRJeE1EWXlNVEV3TXpNME9Wb1hEVE14TURZeE9URXdNek0wT1Zvd0ZURVRNQkVHQTFVRQpBeE1LYTNWaVpYSnVaWFJsY3pDQ0FTSXdEUVlKS29aSWh2Y05BUUVCQlFBRGdnRVBBRENDQVFvQ2dnRUJBTUpLCmIxdXkzOXhpU3Bvd25ZaGFrWkpSS1lxMWh5MG1HaEJxTmZZZE54alNQSkJDOFREc1lncXA0TXM0bCszdy9DZ3QKSHNkREFmMkVaOTIwczZLR2x0bU9paDlVb1Y1Qnhic01UQWI3L2Q1QmZFeHdHQS9TWm95WkRwWkM2MVNMaWJNRwpDR1NIclhJNlpKWE9hR09lc0NrK2tHVjR1M3lKbUtpcEJ6WW9ZYXpFSGxBK2FuRWNCZXRyZHNnckJGMDRWNWt1CmRqRElUSm1qMUduK01BamZGb0dXQTNEN04xZ25KN0pMSzlKdmc4MHZ5SldpZVZJZFcvc0MrYmoyN0pEM2VQc1MKaGMzdWFXODZIV2pDcEFvTFg0bzVHQ1ZndytTaFp6M2dQeXlQKzFZR1FPVmNzVW1FQ1I3QXpNRTZwRWhtUWtXWQo5MlQyU1phOG5Ca1o1Q2FPVThjQ0F3RUFBYU5DTUVBd0RnWURWUjBQQVFIL0JBUURBZ0trTUE4R0ExVWRFd0VCCi93UUZNQU1CQWY4d0hRWURWUjBPQkJZRUZHYTdqV0N6Ui8zd3VvZGh6Q3lsYlh4NGY1ekhNQTBHQ1NxR1NJYjMKRFFFQkN3VUFBNElCQVFCaWJvVGFJNFI4elh3bHdMSWhsT3ptY2JnK3dnRm80eW9Mb3VQdVVKcERhaDJpOHJVNgpjampjalRrOWZuYjc2N2diZjVYdndFbDQ3eDI2S0FkL21ZYk9ZK2d3blFiZFRkMC9KcDVTeU10a0hNd3N6OHBICmgxQ0k3Q0ZudG8zWS9HT3lEQVppRVdNdHBNM1hxTk1KWEM4TlBWYmx0czJWekJNbUFIQmprODNmUDROcm9VMVYKYkpNVkVzRjVZTTh1U3dXaStxbEFDNEwzOXJXMWpMS3BGQm4wNWE1Y01sSEYrdmRMN1MzVURCY0Y4b3FTcEFpawpRMnF2c29xQ2x2SGtqbS83dXN6OXB4RS9sd0NoUzZnZ2NKQVZXbmRNYlhnTWk2QlljR1FyNm04Sk5abEw5RDd0CjFOaDdpS3BKVjdrdW4rSzg5YlFEdzhLeHZhR014dGhjd2FZQwotLS0tLUVORCBDRVJUSUZJQ0FURS0tLS0tCg=="
              }
            ],
            "created_at": "2021-06-21 10:27:31.527 +0000 UTC",
            "enabled_cluster_log_types": [],
            "encryption_config": [],
            "endpoint": "https://A7B9F2610711D038B80561AF0680085A.sk1.eu-west-1.eks.amazonaws.com",
            "id": "fred",
            "identity": [
              {
                "oidc": [
                  {
                    "issuer": "https://oidc.eks.eu-west-1.amazonaws.com/id/A7B9F2610711D038B80561AF0680085A"
                  }
                ]
              }
            ],
            "kubernetes_network_config": [
              {
                "service_ipv4_cidr": "172.20.0.0/16"
              }
            ],
            "name": "fred",
            "platform_version": "eks.5",
            "role_arn": "arn:aws:iam::430354129336:role/eks-cluster-example",
            "status": "ACTIVE",
            "tags": {},
            "tags_all": {},
            "timeouts": null,
            "version": "1.19",
            "vpc_config": [
              {
                "cluster_security_group_id": "sg-018e96f06cb7328a8",
                "endpoint_private_access": false,
                "endpoint_public_access": true,
                "public_access_cidrs": [
                  "0.0.0.0/0"
                ],
                "security_group_ids": [],
                "subnet_ids": [
                  "subnet-463bfd0e",
                  "subnet-6dc4370b",
                  "subnet-bfecd0e4"
                ],
                "vpc_id": "vpc-9e62bcf8"
              }
            ]
          },
          "sensitive_attributes": [],
          "private": "eyJlMmJmYjczMC1lY2FhLTExZTYtOGY4OC0zNDM2M2JjN2M0YzAiOnsiY3JlYXRlIjoxODAwMDAwMDAwMDAwLCJkZWxldGUiOjkwMDAwMDAwMDAwMCwidXBkYXRlIjozNjAwMDAwMDAwMDAwfX0=",
          "dependencies": [
            "aws_iam_role_policy_attachment.k8s-AmazonEKSClusterPolicy-fred",
            "aws_iam_role_policy_attachment.k8s-AmazonEKSVPCResourceController-fred",
            "data.terraform_remote_state.infra_networking",
            "aws_iam_role.k8s-role-fred"
          ]
        }
      ]
    },
    {
      "mode": "managed",
      "type": "aws_eks_node_group",
      "name": "k8s-fred-node-group",
      "provider": "provider[\"registry.terraform.io/hashicorp/aws\"]",
      "instances": [
        {
          "schema_version": 0,
          "attributes": {
            "ami_type": "AL2_x86_64",
            "arn": "arn:aws:eks:eu-west-1:430354129336:nodegroup/fred/fred/f0bd1735-42c3-04a0-a557-e969f6ec4539",
            "capacity_type": "ON_DEMAND",
            "cluster_name": "fred",
            "disk_size": 20,
            "force_update_version": null,
            "id": "fred:fred",
            "instance_types": [
              "t3.medium"
            ],
            "labels": {},
            "launch_template": [],
            "node_group_name": "fred",
            "node_group_name_prefix": "",
            "node_role_arn": "arn:aws:iam::430354129336:role/k8s-fred-worker-role",
            "release_version": "1.19.6-20210526",
            "remote_access": [],
            "resources": [
              {
                "autoscaling_groups": [
                  {
                    "name": "eks-f0bd1735-42c3-04a0-a557-e969f6ec4539"
                  }
                ],
                "remote_access_security_group_id": ""
              }
            ],
            "scaling_config": [
              {
                "desired_size": 1,
                "max_size": 1,
                "min_size": 1
              }
            ],
            "status": "ACTIVE",
            "subnet_ids": [
              "subnet-463bfd0e",
              "subnet-6dc4370b",
              "subnet-bfecd0e4"
            ],
            "tags": {},
            "tags_all": {},
            "taint": [],
            "timeouts": null,
            "version": "1.19"
          },
          "sensitive_attributes": [],
          "private": "eyJlMmJmYjczMC1lY2FhLTExZTYtOGY4OC0zNDM2M2JjN2M0YzAiOnsiY3JlYXRlIjozNjAwMDAwMDAwMDAwLCJkZWxldGUiOjM2MDAwMDAwMDAwMDAsInVwZGF0ZSI6MzYwMDAwMDAwMDAwMH19",
          "dependencies": [
            "aws_iam_role.k8s-fred-worker-role",
            "aws_iam_role_policy_attachment.k8s-AmazonEKSVPCResourceController-fred",
            "aws_iam_role_policy_attachment.k8s-AmazonEKSClusterPolicy-fred",
            "aws_iam_role_policy_attachment.k8s-AmazonEKSWorkerNodePolicy-fred",
            "aws_iam_role_policy_attachment.k8s-AmazonEKS_CNI_Policy-fred",
            "data.terraform_remote_state.infra_networking",
            "aws_eks_cluster.fred",
            "aws_iam_role.k8s-role-fred",
            "aws_iam_role_policy_attachment.k8s-AmazonEC2ContainerRegistryReadOnly-fred"
          ]
        }
      ]
    },
    {
      "mode": "managed",
      "type": "aws_iam_openid_connect_provider",
      "name": "k8s-openid-fred",
      "provider": "provider[\"registry.terraform.io/hashicorp/aws\"]",
      "instances": [
        {
          "schema_version": 0,
          "attributes": {
            "arn": "arn:aws:iam::430354129336:oidc-provider/oidc.eks.eu-west-1.amazonaws.com/id/A7B9F2610711D038B80561AF0680085A",
            "client_id_list": [
              "sts.amazonaws.com"
            ],
            "id": "arn:aws:iam::430354129336:oidc-provider/oidc.eks.eu-west-1.amazonaws.com/id/A7B9F2610711D038B80561AF0680085A",
            "tags": {},
            "tags_all": {},
            "thumbprint_list": [
              "9e99a48a9960b14926bb7f3b02e22da2b0ab7280"
            ],
            "url": "oidc.eks.eu-west-1.amazonaws.com/id/A7B9F2610711D038B80561AF0680085A"
          },
          "sensitive_attributes": [],
          "private": "bnVsbA==",
          "dependencies": [
            "aws_eks_cluster.fred",
            "aws_iam_role.k8s-role-fred",
            "aws_iam_role_policy_attachment.k8s-AmazonEKSClusterPolicy-fred",
            "aws_iam_role_policy_attachment.k8s-AmazonEKSVPCResourceController-fred",
            "data.terraform_remote_state.infra_networking",
            "data.tls_certificate.k8s-tls-fred"
          ]
        }
      ]
    },
    {
      "mode": "managed",
      "type": "aws_iam_policy",
      "name": "ALBIngressControllerIAMPolicy-fred",
      "provider": "provider[\"registry.terraform.io/hashicorp/aws\"]",
      "instances": [
        {
          "schema_version": 0,
          "attributes": {
            "arn": "arn:aws:iam::430354129336:policy/ALBIngressControllerIAMPolicy",
            "description": "",
            "id": "arn:aws:iam::430354129336:policy/ALBIngressControllerIAMPolicy",
            "name": "ALBIngressControllerIAMPolicy",
            "name_prefix": null,
            "path": "/",
            "policy": "{\"Statement\":[{\"Action\":[\"acm:DescribeCertificate\",\"acm:ListCertificates\",\"acm:GetCertificate\"],\"Effect\":\"Allow\",\"Resource\":\"*\"},{\"Action\":[\"ec2:AuthorizeSecurityGroupIngress\",\"ec2:CreateSecurityGroup\",\"ec2:CreateTags\",\"ec2:DeleteTags\",\"ec2:DeleteSecurityGroup\",\"ec2:DescribeAccountAttributes\",\"ec2:DescribeAddresses\",\"ec2:DescribeInstances\",\"ec2:DescribeInstanceStatus\",\"ec2:DescribeInternetGateways\",\"ec2:DescribeNetworkInterfaces\",\"ec2:DescribeSecurityGroups\",\"ec2:DescribeSubnets\",\"ec2:DescribeTags\",\"ec2:DescribeVpcs\",\"ec2:ModifyInstanceAttribute\",\"ec2:ModifyNetworkInterfaceAttribute\",\"ec2:RevokeSecurityGroupIngress\"],\"Effect\":\"Allow\",\"Resource\":\"*\"},{\"Action\":[\"elasticloadbalancing:AddListenerCertificates\",\"elasticloadbalancing:AddTags\",\"elasticloadbalancing:CreateListener\",\"elasticloadbalancing:CreateLoadBalancer\",\"elasticloadbalancing:CreateRule\",\"elasticloadbalancing:CreateTargetGroup\",\"elasticloadbalancing:DeleteListener\",\"elasticloadbalancing:DeleteLoadBalancer\",\"elasticloadbalancing:DeleteRule\",\"elasticloadbalancing:DeleteTargetGroup\",\"elasticloadbalancing:DeregisterTargets\",\"elasticloadbalancing:DescribeListenerCertificates\",\"elasticloadbalancing:DescribeListeners\",\"elasticloadbalancing:DescribeLoadBalancers\",\"elasticloadbalancing:DescribeLoadBalancerAttributes\",\"elasticloadbalancing:DescribeRules\",\"elasticloadbalancing:DescribeSSLPolicies\",\"elasticloadbalancing:DescribeTags\",\"elasticloadbalancing:DescribeTargetGroups\",\"elasticloadbalancing:DescribeTargetGroupAttributes\",\"elasticloadbalancing:DescribeTargetHealth\",\"elasticloadbalancing:ModifyListener\",\"elasticloadbalancing:ModifyLoadBalancerAttributes\",\"elasticloadbalancing:ModifyRule\",\"elasticloadbalancing:ModifyTargetGroup\",\"elasticloadbalancing:ModifyTargetGroupAttributes\",\"elasticloadbalancing:RegisterTargets\",\"elasticloadbalancing:RemoveListenerCertificates\",\"elasticloadbalancing:RemoveTags\",\"elasticloadbalancing:SetIpAddressType\",\"elasticloadbalancing:SetSecurityGroups\",\"elasticloadbalancing:SetSubnets\",\"elasticloadbalancing:SetWebACL\"],\"Effect\":\"Allow\",\"Resource\":\"*\"},{\"Action\":[\"iam:CreateServiceLinkedRole\",\"iam:GetServerCertificate\",\"iam:ListServerCertificates\"],\"Effect\":\"Allow\",\"Resource\":\"*\"},{\"Action\":[\"cognito-idp:DescribeUserPoolClient\"],\"Effect\":\"Allow\",\"Resource\":\"*\"},{\"Action\":[\"waf-regional:GetWebACLForResource\",\"waf-regional:GetWebACL\",\"waf-regional:AssociateWebACL\",\"waf-regional:DisassociateWebACL\"],\"Effect\":\"Allow\",\"Resource\":\"*\"},{\"Action\":[\"tag:GetResources\",\"tag:TagResources\"],\"Effect\":\"Allow\",\"Resource\":\"*\"},{\"Action\":[\"waf:GetWebACL\"],\"Effect\":\"Allow\",\"Resource\":\"*\"}],\"Version\":\"2012-10-17\"}",
            "policy_id": "ANPAWIMY24G4MNTNFGWZB",
            "tags": {},
            "tags_all": {}
          },
          "sensitive_attributes": [],
          "private": "bnVsbA=="
        }
      ]
    },
    {
      "mode": "managed",
      "type": "aws_iam_role",
      "name": "alb-ingress-controller-k8s-fred",
      "provider": "provider[\"registry.terraform.io/hashicorp/aws\"]",
      "instances": [
        {
          "schema_version": 0,
          "attributes": {
            "arn": "arn:aws:iam::430354129336:role/alb-ingress-controller",
            "assume_role_policy": "{\"Version\":\"2012-10-17\",\"Statement\":[{\"Effect\":\"Allow\",\"Principal\":{\"Federated\":\"arn:aws:iam::430354129336:oidc-provider/oidc.eks.eu-west-1.amazonaws.com/id/A7B9F2610711D038B80561AF0680085A\"},\"Action\":\"sts:AssumeRoleWithWebIdentity\",\"Condition\":{\"StringEquals\":{\"oidc.eks.eu-west-1.amazonaws.com/id/A7B9F2610711D038B80561AF0680085A:sub\":\"system:serviceaccount:kube-system:alb-ingress-controller\"}}}]}",
            "create_date": "2021-06-24T14:58:06Z",
            "description": "",
            "force_detach_policies": false,
            "id": "alb-ingress-controller",
            "inline_policy": [
              {
                "name": "",
                "policy": ""
              }
            ],
            "managed_policy_arns": [
              "arn:aws:iam::430354129336:policy/ALBIngressControllerIAMPolicy"
            ],
            "max_session_duration": 3600,
            "name": "alb-ingress-controller",
            "name_prefix": null,
            "path": "/",
            "permissions_boundary": null,
            "tags": {},
            "tags_all": {},
            "unique_id": "AROAWIMY24G4CSJ4QQFMB"
          },
          "sensitive_attributes": [],
          "private": "bnVsbA==",
          "dependencies": [
            "aws_eks_cluster.fred",
            "aws_iam_openid_connect_provider.k8s-openid-fred",
            "aws_iam_policy.ALBIngressControllerIAMPolicy-fred",
            "aws_iam_role.k8s-role-fred",
            "aws_iam_role_policy_attachment.k8s-AmazonEKSClusterPolicy-fred",
            "aws_iam_role_policy_attachment.k8s-AmazonEKSVPCResourceController-fred",
            "data.terraform_remote_state.infra_networking",
            "data.tls_certificate.k8s-tls-fred"
          ]
        }
      ]
    },
    {
      "mode": "managed",
      "type": "aws_iam_role",
      "name": "k8s-fred-worker-role",
      "provider": "provider[\"registry.terraform.io/hashicorp/aws\"]",
      "instances": [
        {
          "schema_version": 0,
          "attributes": {
            "arn": "arn:aws:iam::430354129336:role/k8s-fred-worker-role",
            "assume_role_policy": "{\"Version\":\"2012-10-17\",\"Statement\":[{\"Effect\":\"Allow\",\"Principal\":{\"Service\":\"ec2.amazonaws.com\"},\"Action\":\"sts:AssumeRole\"}]}",
            "create_date": "2021-06-21T11:52:43Z",
            "description": "",
            "force_detach_policies": false,
            "id": "k8s-fred-worker-role",
            "inline_policy": [
              {
                "name": "",
                "policy": ""
              }
            ],
            "managed_policy_arns": [
              "arn:aws:iam::aws:policy/AmazonEC2ContainerRegistryReadOnly",
              "arn:aws:iam::aws:policy/AmazonEKSWorkerNodePolicy",
              "arn:aws:iam::aws:policy/AmazonEKS_CNI_Policy"
            ],
            "max_session_duration": 3600,
            "name": "k8s-fred-worker-role",
            "name_prefix": null,
            "path": "/",
            "permissions_boundary": null,
            "tags": {},
            "tags_all": {},
            "unique_id": "AROAWIMY24G4HZT2F2AMJ"
          },
          "sensitive_attributes": [],
          "private": "bnVsbA=="
        }
      ]
    },
    {
      "mode": "managed",
      "type": "aws_iam_role",
      "name": "k8s-role-fred",
      "provider": "provider[\"registry.terraform.io/hashicorp/aws\"]",
      "instances": [
        {
          "schema_version": 0,
          "attributes": {
            "arn": "arn:aws:iam::430354129336:role/eks-cluster-example",
            "assume_role_policy": "{\"Version\":\"2012-10-17\",\"Statement\":[{\"Effect\":\"Allow\",\"Principal\":{\"Service\":\"eks.amazonaws.com\"},\"Action\":\"sts:AssumeRole\"}]}",
            "create_date": "2021-06-21T10:27:25Z",
            "description": "",
            "force_detach_policies": false,
            "id": "eks-cluster-example",
            "inline_policy": [
              {
                "name": "",
                "policy": ""
              }
            ],
            "managed_policy_arns": [
              "arn:aws:iam::aws:policy/AmazonEKSClusterPolicy",
              "arn:aws:iam::aws:policy/AmazonEKSVPCResourceController"
            ],
            "max_session_duration": 3600,
            "name": "eks-cluster-example",
            "name_prefix": null,
            "path": "/",
            "permissions_boundary": null,
            "tags": {},
            "tags_all": {},
            "unique_id": "AROAWIMY24G4E2MN5DFCD"
          },
          "sensitive_attributes": [],
          "private": "bnVsbA=="
        }
      ]
    },
    {
      "mode": "managed",
      "type": "aws_iam_role_policy_attachment",
      "name": "k8s-AmazonEC2ContainerRegistryReadOnly-fred",
      "provider": "provider[\"registry.terraform.io/hashicorp/aws\"]",
      "instances": [
        {
          "schema_version": 0,
          "attributes": {
            "id": "k8s-fred-worker-role-20210621115332926000000003",
            "policy_arn": "arn:aws:iam::aws:policy/AmazonEC2ContainerRegistryReadOnly",
            "role": "k8s-fred-worker-role"
          },
          "sensitive_attributes": [],
          "private": "bnVsbA==",
          "dependencies": [
            "aws_iam_role.k8s-fred-worker-role"
          ]
        }
      ]
    },
    {
      "mode": "managed",
      "type": "aws_iam_role_policy_attachment",
      "name": "k8s-AmazonEKSClusterPolicy-fred",
      "provider": "provider[\"registry.terraform.io/hashicorp/aws\"]",
      "instances": [
        {
          "schema_version": 0,
          "attributes": {
            "id": "eks-cluster-example-20210621102815074000000001",
            "policy_arn": "arn:aws:iam::aws:policy/AmazonEKSClusterPolicy",
            "role": "eks-cluster-example"
          },
          "sensitive_attributes": [],
          "private": "bnVsbA==",
          "dependencies": [
            "aws_iam_role.k8s-role-fred"
          ]
        }
      ]
    },
    {
      "mode": "managed",
      "type": "aws_iam_role_policy_attachment",
      "name": "k8s-AmazonEKSVPCResourceController-fred",
      "provider": "provider[\"registry.terraform.io/hashicorp/aws\"]",
      "instances": [
        {
          "schema_version": 0,
          "attributes": {
            "id": "eks-cluster-example-20210621102815076700000002",
            "policy_arn": "arn:aws:iam::aws:policy/AmazonEKSVPCResourceController",
            "role": "eks-cluster-example"
          },
          "sensitive_attributes": [],
          "private": "bnVsbA==",
          "dependencies": [
            "aws_iam_role.k8s-role-fred"
          ]
        }
      ]
    },
    {
      "mode": "managed",
      "type": "aws_iam_role_policy_attachment",
      "name": "k8s-AmazonEKSWorkerNodePolicy-fred",
      "provider": "provider[\"registry.terraform.io/hashicorp/aws\"]",
      "instances": [
        {
          "schema_version": 0,
          "attributes": {
            "id": "k8s-fred-worker-role-20210621115332905500000001",
            "policy_arn": "arn:aws:iam::aws:policy/AmazonEKSWorkerNodePolicy",
            "role": "k8s-fred-worker-role"
          },
          "sensitive_attributes": [],
          "private": "bnVsbA==",
          "dependencies": [
            "aws_iam_role.k8s-fred-worker-role"
          ]
        }
      ]
    },
    {
      "mode": "managed",
      "type": "aws_iam_role_policy_attachment",
      "name": "k8s-AmazonEKS_CNI_Policy-fred",
      "provider": "provider[\"registry.terraform.io/hashicorp/aws\"]",
      "instances": [
        {
          "schema_version": 0,
          "attributes": {
            "id": "k8s-fred-worker-role-20210621115332921100000002",
            "policy_arn": "arn:aws:iam::aws:policy/AmazonEKS_CNI_Policy",
            "role": "k8s-fred-worker-role"
          },
          "sensitive_attributes": [],
          "private": "bnVsbA==",
          "dependencies": [
            "aws_iam_role.k8s-fred-worker-role"
          ]
        }
      ]
    },
    {
      "mode": "managed",
      "type": "kubernetes_cluster_role",
      "name": "alb-ingress-controller-role-fred",
      "provider": "provider[\"registry.terraform.io/hashicorp/kubernetes\"]",
      "instances": [
        {
          "schema_version": 0,
          "attributes": {
            "aggregation_rule": [],
            "id": "alb-ingress-controller",
            "metadata": [
              {
                "annotations": {},
                "generation": 0,
                "labels": {
                  "app.kubernetes.io/name": "alb-ingress-controller"
                },
                "name": "alb-ingress-controller",
                "resource_version": "735954",
                "uid": "b77bfe1d-96c6-43d9-98af-c58a9c932a77"
              }
            ],
            "rule": [
              {
                "api_groups": [
                  "",
                  "extensions"
                ],
                "non_resource_urls": [],
                "resource_names": [],
                "resources": [
                  "configmaps",
                  "endpoints",
                  "events",
                  "ingresses",
                  "ingresses/status",
                  "services"
                ],
                "verbs": [
                  "create",
                  "get",
                  "list",
                  "update",
                  "watch",
                  "patch"
                ]
              },
              {
                "api_groups": [
                  "",
                  "extensions"
                ],
                "non_resource_urls": [],
                "resource_names": [],
                "resources": [
                  "nodes",
                  "pods",
                  "secrets",
                  "services",
                  "namespaces"
                ],
                "verbs": [
                  "get",
                  "list",
                  "watch"
                ]
              }
            ]
          },
          "sensitive_attributes": [],
          "private": "bnVsbA==",
          "dependencies": [
            "data.aws_eks_cluster.fred"
          ]
        }
      ]
    },
    {
      "mode": "managed",
      "type": "kubernetes_cluster_role_binding",
      "name": "alb-ingress-controller-role-binding-fred",
      "provider": "provider[\"registry.terraform.io/hashicorp/kubernetes\"]",
      "instances": [
        {
          "schema_version": 0,
          "attributes": {
            "id": "alb-ingress-controller",
            "metadata": [
              {
                "annotations": {},
                "generation": 0,
                "labels": {
                  "app.kubernetes.io/name": "alb-ingress-controller"
                },
                "name": "alb-ingress-controller",
                "resource_version": "747557",
                "uid": "256efa2e-83bd-4afa-80a1-caafb539b1ca"
              }
            ],
            "role_ref": [
              {
                "api_group": "rbac.authorization.k8s.io",
                "kind": "ClusterRole",
                "name": "alb-ingress-controller"
              }
            ],
            "subject": [
              {
                "api_group": "",
                "kind": "ServiceAccount",
                "name": "alb-ingress-controller",
                "namespace": "kube-system"
              }
            ]
          },
          "sensitive_attributes": [],
          "private": "bnVsbA==",
          "dependencies": [
            "aws_iam_role.k8s-role-fred",
            "aws_iam_role_policy_attachment.k8s-AmazonEKSClusterPolicy-fred",
            "data.terraform_remote_state.infra_networking",
            "data.tls_certificate.k8s-tls-fred",
            "kubernetes_cluster_role.alb-ingress-controller-role-fred",
            "aws_iam_role.alb-ingress-controller-k8s-fred",
            "aws_iam_openid_connect_provider.k8s-openid-fred",
            "aws_iam_policy.ALBIngressControllerIAMPolicy-fred",
            "aws_iam_role_policy_attachment.k8s-AmazonEKSVPCResourceController-fred",
            "data.aws_eks_cluster.fred",
            "kubernetes_service_account.alb-ingress-controller-service-account-fred",
            "aws_eks_cluster.fred"
          ]
        }
      ]
    },
    {
      "mode": "managed",
      "type": "kubernetes_deployment",
      "name": "k8s-alb-ingress-controller-fred",
      "provider": "provider[\"registry.terraform.io/hashicorp/kubernetes\"]",
      "instances": [
        {
          "schema_version": 1,
          "attributes": {
            "id": "kube-system/alb-ingress-controller",
            "metadata": [
              {
                "annotations": {},
                "generate_name": "",
                "generation": 7,
                "labels": {
                  "app.kubernetes.io/name": "alb-ingress-controller"
                },
                "name": "alb-ingress-controller",
                "namespace": "kube-system",
                "resource_version": "751106",
                "uid": "13484f57-3d1c-45bd-b7ce-7c99df4b5107"
              }
            ],
            "spec": [
              {
                "min_ready_seconds": 0,
                "paused": false,
                "progress_deadline_seconds": 600,
                "replicas": "1",
                "revision_history_limit": 10,
                "selector": [
                  {
                    "match_expressions": [],
                    "match_labels": {
                      "app.kubernetes.io/name": "alb-ingress-controller"
                    }
                  }
                ],
                "strategy": [
                  {
                    "rolling_update": [
                      {
                        "max_surge": "25%",
                        "max_unavailable": "25%"
                      }
                    ],
                    "type": "RollingUpdate"
                  }
                ],
                "template": [
                  {
                    "metadata": [
                      {
                        "annotations": {},
                        "generate_name": "",
                        "generation": 0,
                        "labels": {
                          "app.kubernetes.io/name": "alb-ingress-controller"
                        },
                        "name": "",
                        "namespace": "",
                        "resource_version": "",
                        "uid": ""
                      }
                    ],
                    "spec": [
                      {
                        "active_deadline_seconds": 0,
                        "affinity": [],
                        "automount_service_account_token": true,
                        "container": [
                          {
                            "args": [
                              "--cluster-name=fred"
                            ],
                            "command": [],
                            "env": [],
                            "env_from": [],
                            "image": "602401143452.dkr.ecr.eu-west-1.amazonaws.com/amazon/aws-load-balancer-controller:v2.2.0",
                            "image_pull_policy": "IfNotPresent",
                            "lifecycle": [],
                            "liveness_probe": [],
                            "name": "alb-ingress-controller",
                            "port": [],
                            "readiness_probe": [],
                            "resources": [
                              {
                                "limits": null,
                                "requests": null
                              }
                            ],
                            "security_context": [],
                            "startup_probe": [],
                            "stdin": false,
                            "stdin_once": false,
                            "termination_message_path": "/dev/termination-log",
                            "termination_message_policy": "File",
                            "tty": false,
                            "volume_mount": [],
                            "working_dir": ""
                          }
                        ],
                        "dns_config": [],
                        "dns_policy": "ClusterFirst",
                        "enable_service_links": true,
                        "host_aliases": [],
                        "host_ipc": false,
                        "host_network": false,
                        "host_pid": false,
                        "hostname": "",
                        "image_pull_secrets": [],
                        "init_container": [],
                        "node_name": "",
                        "node_selector": {},
                        "priority_class_name": "",
                        "readiness_gate": [],
                        "restart_policy": "Always",
                        "security_context": [],
                        "service_account_name": "alb-ingress-controller",
                        "share_process_namespace": false,
                        "subdomain": "",
                        "termination_grace_period_seconds": 30,
                        "toleration": [],
                        "topology_spread_constraint": [],
                        "volume": []
                      }
                    ]
                  }
                ]
              }
            ],
            "timeouts": null,
            "wait_for_rollout": true
          },
          "sensitive_attributes": [],
          "private": "eyJlMmJmYjczMC1lY2FhLTExZTYtOGY4OC0zNDM2M2JjN2M0YzAiOnsiY3JlYXRlIjo2MDAwMDAwMDAwMDAsImRlbGV0ZSI6NjAwMDAwMDAwMDAwLCJ1cGRhdGUiOjYwMDAwMDAwMDAwMH0sInNjaGVtYV92ZXJzaW9uIjoiMSJ9",
          "dependencies": [
            "data.aws_eks_cluster.fred"
          ]
        }
      ]
    },
    {
      "mode": "managed",
      "type": "kubernetes_ingress",
      "name": "global-ingress-fred",
      "provider": "provider[\"registry.terraform.io/hashicorp/kubernetes\"]",
      "instances": [
        {
          "status": "tainted",
          "schema_version": 1,
          "attributes": {
            "id": "default/global-ingress",
            "metadata": [
              {
                "annotations": {
                  "alb.ingress.kubernetes.io/scheme": "internet-facing",
                  "kubernetes.io/ingress.class": "alb"
                },
                "generate_name": "",
                "generation": 0,
                "labels": null,
                "name": "global-ingress",
                "namespace": "default",
                "resource_version": "",
                "uid": ""
              }
            ],
            "spec": [
              {
                "backend": [
                  {
                    "service_name": "content-store",
                    "service_port": "80"
                  }
                ],
                "ingress_class_name": "",
                "rule": [
                  {
                    "host": "",
                    "http": [
                      {
                        "path": [
                          {
                            "backend": [
                              {
                                "service_name": "content-store",
                                "service_port": "80"
                              }
                            ],
                            "path": "/content-store/*"
                          }
                        ]
                      }
                    ]
                  }
                ],
                "tls": []
              }
            ],
            "status": null,
            "wait_for_load_balancer": true
          },
          "sensitive_attributes": [],
          "private": "eyJzY2hlbWFfdmVyc2lvbiI6IjEifQ==",
          "dependencies": [
            "data.aws_eks_cluster.fred"
          ]
        }
      ]
    },
    {
      "mode": "managed",
      "type": "kubernetes_service_account",
      "name": "alb-ingress-controller-service-account-fred",
      "provider": "provider[\"registry.terraform.io/hashicorp/kubernetes\"]",
      "instances": [
        {
          "schema_version": 0,
          "attributes": {
            "automount_service_account_token": true,
            "default_secret_name": "alb-ingress-controller-token-z8qhp",
            "id": "kube-system/alb-ingress-controller",
            "image_pull_secret": [],
            "metadata": [
              {
                "annotations": {
                  "eks.amazonaws.com/role-arn": "arn:aws:iam::430354129336:role/alb-ingress-controller"
                },
                "generate_name": "",
                "generation": 0,
                "labels": {
                  "app.kubernetes.io/name": "alb-ingress-controller"
                },
                "name": "alb-ingress-controller",
                "namespace": "kube-system",
                "resource_version": "737323",
                "uid": "2a5af7e1-2c06-4c5d-b959-24b5837b04fa"
              }
            ],
            "secret": [],
            "timeouts": null
          },
          "sensitive_attributes": [],
          "private": "eyJlMmJmYjczMC1lY2FhLTExZTYtOGY4OC0zNDM2M2JjN2M0YzAiOnsiY3JlYXRlIjozMDAwMDAwMDAwMH19",
          "dependencies": [
            "aws_iam_role_policy_attachment.k8s-AmazonEKSVPCResourceController-fred",
            "data.terraform_remote_state.infra_networking",
            "aws_eks_cluster.fred",
            "aws_iam_openid_connect_provider.k8s-openid-fred",
            "aws_iam_policy.ALBIngressControllerIAMPolicy-fred",
            "aws_iam_role.alb-ingress-controller-k8s-fred",
            "aws_iam_role.k8s-role-fred",
            "aws_iam_role_policy_attachment.k8s-AmazonEKSClusterPolicy-fred",
            "data.tls_certificate.k8s-tls-fred",
            "data.aws_eks_cluster.fred"
          ]
        }
      ]
    }
  ]
}
